{
    "_meta": {
        "hash": {
            "sha256": "1e3e7529e6d875c492171d9379f9240580db56e8d183153894a9da49e1993367"
        },
        "pipfile-spec": 6,
        "requires": {
            "python_version": "3.10"
        },
        "sources": [
            {
                "name": "pypi",
                "url": "https://pypi.org/simple",
                "verify_ssl": true
            }
        ]
    },
    "default": {
        "certifi": {
            "hashes": [
                "sha256:0aa1a42fbd57645fabeb6290a7687c21755b0344ecaeaa05f4e9f6207ae2e9a8",
                "sha256:aa08c101214127b9b0472ca6338315113c9487d45376fd3e669201b477c71003"
            ],
            "index": "pypi",
            "version": "==2022.6.15.2"
        },
        "pyjokes": {
            "hashes": [
                "sha256:08860eedb78cbfa4618243c8db088f21c39823ece1fdaf0133e52d9c56e981a5",
                "sha256:70b6125186dee5845038505cd16b5e09250da46c730e36b44ffd870e3c81aaaa"
            ],
            "index": "pypi",
            "version": "==0.6.0"
        },
        "python-dotenv": {
            "hashes": [
                "sha256:1684eb44636dd462b66c3ee016599815514527ad99965de77f43e0944634a7e5",
                "sha256:b77d08274639e3d34145dfa6c7008e66df0f04b7be7a75fd0d5292c191d79045"
            ],
            "index": "pypi",
            "version": "==0.21.0"
        },
        "slack-bolt": {
            "hashes": [
                "sha256:0be5a3f54bb5c0cbeea79d6ffc7130ddf3ca21a81bb7ba5bc3b5de2a6da56e1d",
                "sha256:c99bf8bca2f9fbe21a2712ae319f0a26a86f715d54f44de61d55bd0f8c3d4d5a"
            ],
            "index": "pypi",
            "version": "==1.14.3"
        },
        "slack-sdk": {
            "hashes": [
                "sha256:1bac09ed465bf9a0a120afce495b328969af7f032fe38cacbadace3dc1e49709",
                "sha256:d28a661a7fde37c1763e594be19899a51e76ce7c480172c9cf22e217a72731c3"
            ],
            "index": "pypi",
            "version": "==3.18.3"
        }
    },
    "develop": {}
}
